// !$*UTF8*$!
{
	archiveVersion = 1;
	classes = {
	};
	objectVersion = 50;
	objects = {

/* Begin PBXBuildFile section */
		C575CBB625D36A3500D8B153 /* AppDelegate.swift in Sources */ = {isa = PBXBuildFile; fileRef = C575CBB525D36A3500D8B153 /* AppDelegate.swift */; };
		C575CBB825D36A3500D8B153 /* SceneDelegate.swift in Sources */ = {isa = PBXBuildFile; fileRef = C575CBB725D36A3500D8B153 /* SceneDelegate.swift */; };
		C575CBBD25D36A3500D8B153 /* Main.storyboard in Resources */ = {isa = PBXBuildFile; fileRef = C575CBBB25D36A3500D8B153 /* Main.storyboard */; };
		C575CBBF25D36A3900D8B153 /* Assets.xcassets in Resources */ = {isa = PBXBuildFile; fileRef = C575CBBE25D36A3900D8B153 /* Assets.xcassets */; };
		C575CBC225D36A3900D8B153 /* LaunchScreen.storyboard in Resources */ = {isa = PBXBuildFile; fileRef = C575CBC025D36A3900D8B153 /* LaunchScreen.storyboard */; };
		C575CBD225D36B0100D8B153 /* SportEventsTests.swift in Sources */ = {isa = PBXBuildFile; fileRef = C575CBD125D36B0100D8B153 /* SportEventsTests.swift */; };
		C575CBE225D36B1300D8B153 /* SportEventsUITests.swift in Sources */ = {isa = PBXBuildFile; fileRef = C575CBE125D36B1300D8B153 /* SportEventsUITests.swift */; };
		C575CBFF25D36CF100D8B153 /* Event.swift in Sources */ = {isa = PBXBuildFile; fileRef = C575CBFE25D36CF100D8B153 /* Event.swift */; };
		C575CC0425D36D0200D8B153 /* EventController.swift in Sources */ = {isa = PBXBuildFile; fileRef = C575CC0325D36D0200D8B153 /* EventController.swift */; };
		C575CC0925D36D1E00D8B153 /* EventsViewController.swift in Sources */ = {isa = PBXBuildFile; fileRef = C575CC0825D36D1E00D8B153 /* EventsViewController.swift */; };
		C575CC1325D371DC00D8B153 /* EventsDetailViewController.swift in Sources */ = {isa = PBXBuildFile; fileRef = C575CC1225D371DC00D8B153 /* EventsDetailViewController.swift */; };
		C575CC1825D3733700D8B153 /* ContentCell.swift in Sources */ = {isa = PBXBuildFile; fileRef = C575CC1725D3733700D8B153 /* ContentCell.swift */; };
		C575CC1D25D3900800D8B153 /* Endpoint+Key+HTTPMethod.swift in Sources */ = {isa = PBXBuildFile; fileRef = C575CC1C25D3900800D8B153 /* Endpoint+Key+HTTPMethod.swift */; };
		C575CC2A25D396D000D8B153 /* DataLoader.swift in Sources */ = {isa = PBXBuildFile; fileRef = C575CC2925D396D000D8B153 /* DataLoader.swift */; };
		C575CC3225D397B200D8B153 /* Cache.swift in Sources */ = {isa = PBXBuildFile; fileRef = C575CC3125D397B200D8B153 /* Cache.swift */; };
		C5D1481725D4426F00F4D5C2 /* EventsTableViewCell.swift in Sources */ = {isa = PBXBuildFile; fileRef = C5D1481625D4426F00F4D5C2 /* EventsTableViewCell.swift */; };
		C5D1482825D4806200F4D5C2 /* CollectionViewCellFlow.swift in Sources */ = {isa = PBXBuildFile; fileRef = C5D1482725D4806200F4D5C2 /* CollectionViewCellFlow.swift */; };
		C5D1483D25D4AC5100F4D5C2 /* FavoriteEventsController.swift in Sources */ = {isa = PBXBuildFile; fileRef = C5D1483C25D4AC5100F4D5C2 /* FavoriteEventsController.swift */; };
/* End PBXBuildFile section */

/* Begin PBXContainerItemProxy section */
		C575CBD425D36B0100D8B153 /* PBXContainerItemProxy */ = {
			isa = PBXContainerItemProxy;
			containerPortal = C575CBAA25D36A3500D8B153 /* Project object */;
			proxyType = 1;
			remoteGlobalIDString = C575CBB125D36A3500D8B153;
			remoteInfo = SportEvents;
		};
		C575CBE425D36B1300D8B153 /* PBXContainerItemProxy */ = {
			isa = PBXContainerItemProxy;
			containerPortal = C575CBAA25D36A3500D8B153 /* Project object */;
			proxyType = 1;
			remoteGlobalIDString = C575CBB125D36A3500D8B153;
			remoteInfo = SportEvents;
		};
/* End PBXContainerItemProxy section */

/* Begin PBXFileReference section */
		C575CBB225D36A3500D8B153 /* SportEvents.app */ = {isa = PBXFileReference; explicitFileType = wrapper.application; includeInIndex = 0; path = SportEvents.app; sourceTree = BUILT_PRODUCTS_DIR; };
		C575CBB525D36A3500D8B153 /* AppDelegate.swift */ = {isa = PBXFileReference; lastKnownFileType = sourcecode.swift; path = AppDelegate.swift; sourceTree = "<group>"; };
		C575CBB725D36A3500D8B153 /* SceneDelegate.swift */ = {isa = PBXFileReference; lastKnownFileType = sourcecode.swift; path = SceneDelegate.swift; sourceTree = "<group>"; };
		C575CBBC25D36A3500D8B153 /* Base */ = {isa = PBXFileReference; lastKnownFileType = file.storyboard; name = Base; path = Base.lproj/Main.storyboard; sourceTree = "<group>"; };
		C575CBBE25D36A3900D8B153 /* Assets.xcassets */ = {isa = PBXFileReference; lastKnownFileType = folder.assetcatalog; path = Assets.xcassets; sourceTree = "<group>"; };
		C575CBC125D36A3900D8B153 /* Base */ = {isa = PBXFileReference; lastKnownFileType = file.storyboard; name = Base; path = Base.lproj/LaunchScreen.storyboard; sourceTree = "<group>"; };
		C575CBC325D36A3900D8B153 /* Info.plist */ = {isa = PBXFileReference; lastKnownFileType = text.plist.xml; path = Info.plist; sourceTree = "<group>"; };
		C575CBCF25D36B0100D8B153 /* SportEventsTests.xctest */ = {isa = PBXFileReference; explicitFileType = wrapper.cfbundle; includeInIndex = 0; path = SportEventsTests.xctest; sourceTree = BUILT_PRODUCTS_DIR; };
		C575CBD125D36B0100D8B153 /* SportEventsTests.swift */ = {isa = PBXFileReference; lastKnownFileType = sourcecode.swift; path = SportEventsTests.swift; sourceTree = "<group>"; };
		C575CBD325D36B0100D8B153 /* Info.plist */ = {isa = PBXFileReference; lastKnownFileType = text.plist.xml; path = Info.plist; sourceTree = "<group>"; };
		C575CBDF25D36B1300D8B153 /* SportEventsUITests.xctest */ = {isa = PBXFileReference; explicitFileType = wrapper.cfbundle; includeInIndex = 0; path = SportEventsUITests.xctest; sourceTree = BUILT_PRODUCTS_DIR; };
		C575CBE125D36B1300D8B153 /* SportEventsUITests.swift */ = {isa = PBXFileReference; lastKnownFileType = sourcecode.swift; path = SportEventsUITests.swift; sourceTree = "<group>"; };
		C575CBE325D36B1300D8B153 /* Info.plist */ = {isa = PBXFileReference; lastKnownFileType = text.plist.xml; path = Info.plist; sourceTree = "<group>"; };
		C575CBFE25D36CF100D8B153 /* Event.swift */ = {isa = PBXFileReference; lastKnownFileType = sourcecode.swift; path = Event.swift; sourceTree = SOURCE_ROOT; };
		C575CC0325D36D0200D8B153 /* EventController.swift */ = {isa = PBXFileReference; lastKnownFileType = sourcecode.swift; path = EventController.swift; sourceTree = "<group>"; };
		C575CC0825D36D1E00D8B153 /* EventsViewController.swift */ = {isa = PBXFileReference; lastKnownFileType = sourcecode.swift; path = EventsViewController.swift; sourceTree = "<group>"; };
		C575CC1225D371DC00D8B153 /* EventsDetailViewController.swift */ = {isa = PBXFileReference; lastKnownFileType = sourcecode.swift; path = EventsDetailViewController.swift; sourceTree = "<group>"; };
		C575CC1725D3733700D8B153 /* ContentCell.swift */ = {isa = PBXFileReference; lastKnownFileType = sourcecode.swift; path = ContentCell.swift; sourceTree = "<group>"; };
		C575CC1C25D3900800D8B153 /* Endpoint+Key+HTTPMethod.swift */ = {isa = PBXFileReference; lastKnownFileType = sourcecode.swift; path = "Endpoint+Key+HTTPMethod.swift"; sourceTree = "<group>"; };
		C575CC2925D396D000D8B153 /* DataLoader.swift */ = {isa = PBXFileReference; lastKnownFileType = sourcecode.swift; path = DataLoader.swift; sourceTree = "<group>"; };
		C575CC3125D397B200D8B153 /* Cache.swift */ = {isa = PBXFileReference; lastKnownFileType = sourcecode.swift; path = Cache.swift; sourceTree = "<group>"; };
		C5D1481625D4426F00F4D5C2 /* EventsTableViewCell.swift */ = {isa = PBXFileReference; lastKnownFileType = sourcecode.swift; path = EventsTableViewCell.swift; sourceTree = "<group>"; };
		C5D1482725D4806200F4D5C2 /* CollectionViewCellFlow.swift */ = {isa = PBXFileReference; lastKnownFileType = sourcecode.swift; path = CollectionViewCellFlow.swift; sourceTree = "<group>"; };
		C5D1483C25D4AC5100F4D5C2 /* FavoriteEventsController.swift */ = {isa = PBXFileReference; lastKnownFileType = sourcecode.swift; path = FavoriteEventsController.swift; sourceTree = "<group>"; };
/* End PBXFileReference section */

/* Begin PBXFrameworksBuildPhase section */
		C575CBAF25D36A3500D8B153 /* Frameworks */ = {
			isa = PBXFrameworksBuildPhase;
			buildActionMask = 2147483647;
			files = (
			);
			runOnlyForDeploymentPostprocessing = 0;
		};
		C575CBCC25D36B0100D8B153 /* Frameworks */ = {
			isa = PBXFrameworksBuildPhase;
			buildActionMask = 2147483647;
			files = (
			);
			runOnlyForDeploymentPostprocessing = 0;
		};
		C575CBDC25D36B1300D8B153 /* Frameworks */ = {
			isa = PBXFrameworksBuildPhase;
			buildActionMask = 2147483647;
			files = (
			);
			runOnlyForDeploymentPostprocessing = 0;
		};
/* End PBXFrameworksBuildPhase section */

/* Begin PBXGroup section */
		C575CBA925D36A3500D8B153 = {
			isa = PBXGroup;
			children = (
				C575CBB425D36A3500D8B153 /* SportEvents */,
				C575CBD025D36B0100D8B153 /* SportEventsTests */,
				C575CBE025D36B1300D8B153 /* SportEventsUITests */,
				C575CBB325D36A3500D8B153 /* Products */,
			);
			sourceTree = "<group>";
		};
		C575CBB325D36A3500D8B153 /* Products */ = {
			isa = PBXGroup;
			children = (
				C575CBB225D36A3500D8B153 /* SportEvents.app */,
				C575CBCF25D36B0100D8B153 /* SportEventsTests.xctest */,
				C575CBDF25D36B1300D8B153 /* SportEventsUITests.xctest */,
			);
			name = Products;
			sourceTree = "<group>";
		};
		C575CBB425D36A3500D8B153 /* SportEvents */ = {
			isa = PBXGroup;
			children = (
				C575CBEF25D36BA900D8B153 /* Application */,
				C575CBF725D36C0300D8B153 /* Extensions+Utilities */,
				C575CBF325D36BDE00D8B153 /* Model */,
				C575CBF425D36BE400D8B153 /* ModelController */,
				C575CBF625D36BFB00D8B153 /* ViewControllers */,
				C575CBF525D36BF500D8B153 /* Views */,
				C575CBF125D36BBE00D8B153 /* Storyboards */,
				C575CBF225D36BCF00D8B153 /* Resources */,
			);
			path = SportEvents;
			sourceTree = "<group>";
		};
		C575CBD025D36B0100D8B153 /* SportEventsTests */ = {
			isa = PBXGroup;
			children = (
				C575CBD125D36B0100D8B153 /* SportEventsTests.swift */,
				C575CBD325D36B0100D8B153 /* Info.plist */,
			);
			path = SportEventsTests;
			sourceTree = "<group>";
		};
		C575CBE025D36B1300D8B153 /* SportEventsUITests */ = {
			isa = PBXGroup;
			children = (
				C575CBE125D36B1300D8B153 /* SportEventsUITests.swift */,
				C575CBE325D36B1300D8B153 /* Info.plist */,
			);
			path = SportEventsUITests;
			sourceTree = "<group>";
		};
		C575CBEF25D36BA900D8B153 /* Application */ = {
			isa = PBXGroup;
			children = (
				C575CBB525D36A3500D8B153 /* AppDelegate.swift */,
				C575CBB725D36A3500D8B153 /* SceneDelegate.swift */,
			);
			path = Application;
			sourceTree = "<group>";
		};
		C575CBF125D36BBE00D8B153 /* Storyboards */ = {
			isa = PBXGroup;
			children = (
				C575CBBB25D36A3500D8B153 /* Main.storyboard */,
				C575CBC025D36A3900D8B153 /* LaunchScreen.storyboard */,
			);
			path = Storyboards;
			sourceTree = "<group>";
		};
		C575CBF225D36BCF00D8B153 /* Resources */ = {
			isa = PBXGroup;
			children = (
				C575CBBE25D36A3900D8B153 /* Assets.xcassets */,
				C575CBC325D36A3900D8B153 /* Info.plist */,
			);
			path = Resources;
			sourceTree = "<group>";
		};
		C575CBF325D36BDE00D8B153 /* Model */ = {
			isa = PBXGroup;
			children = (
				C575CBFE25D36CF100D8B153 /* Event.swift */,
			);
			path = Model;
			sourceTree = "<group>";
		};
		C575CBF425D36BE400D8B153 /* ModelController */ = {
			isa = PBXGroup;
			children = (
				C575CC0325D36D0200D8B153 /* EventController.swift */,
				C5D1483C25D4AC5100F4D5C2 /* FavoriteEventsController.swift */,
			);
			path = ModelController;
			sourceTree = "<group>";
		};
		C575CBF525D36BF500D8B153 /* Views */ = {
			isa = PBXGroup;
			children = (
				C575CC1725D3733700D8B153 /* ContentCell.swift */,
				C5D1481625D4426F00F4D5C2 /* EventsTableViewCell.swift */,
				C5D1482725D4806200F4D5C2 /* CollectionViewCellFlow.swift */,
			);
			path = Views;
			sourceTree = "<group>";
		};
		C575CBF625D36BFB00D8B153 /* ViewControllers */ = {
			isa = PBXGroup;
			children = (
				C575CC0825D36D1E00D8B153 /* EventsViewController.swift */,
				C575CC1225D371DC00D8B153 /* EventsDetailViewController.swift */,
			);
			path = ViewControllers;
			sourceTree = "<group>";
		};
		C575CBF725D36C0300D8B153 /* Extensions+Utilities */ = {
			isa = PBXGroup;
			children = (
				C575CC1C25D3900800D8B153 /* Endpoint+Key+HTTPMethod.swift */,
				C575CC2925D396D000D8B153 /* DataLoader.swift */,
				C575CC3125D397B200D8B153 /* Cache.swift */,
			);
			path = "Extensions+Utilities";
			sourceTree = "<group>";
		};
/* End PBXGroup section */

/* Begin PBXNativeTarget section */
		C575CBB125D36A3500D8B153 /* SportEvents */ = {
			isa = PBXNativeTarget;
			buildConfigurationList = C575CBC625D36A3900D8B153 /* Build configuration list for PBXNativeTarget "SportEvents" */;
			buildPhases = (
				C575CBAE25D36A3500D8B153 /* Sources */,
				C575CBAF25D36A3500D8B153 /* Frameworks */,
				C575CBB025D36A3500D8B153 /* Resources */,
			);
			buildRules = (
			);
			dependencies = (
			);
			name = SportEvents;
			productName = SportEvents;
			productReference = C575CBB225D36A3500D8B153 /* SportEvents.app */;
			productType = "com.apple.product-type.application";
		};
		C575CBCE25D36B0100D8B153 /* SportEventsTests */ = {
			isa = PBXNativeTarget;
			buildConfigurationList = C575CBD825D36B0100D8B153 /* Build configuration list for PBXNativeTarget "SportEventsTests" */;
			buildPhases = (
				C575CBCB25D36B0100D8B153 /* Sources */,
				C575CBCC25D36B0100D8B153 /* Frameworks */,
				C575CBCD25D36B0100D8B153 /* Resources */,
			);
			buildRules = (
			);
			dependencies = (
				C575CBD525D36B0100D8B153 /* PBXTargetDependency */,
			);
			name = SportEventsTests;
			productName = SportEventsTests;
			productReference = C575CBCF25D36B0100D8B153 /* SportEventsTests.xctest */;
			productType = "com.apple.product-type.bundle.unit-test";
		};
		C575CBDE25D36B1300D8B153 /* SportEventsUITests */ = {
			isa = PBXNativeTarget;
			buildConfigurationList = C575CBE625D36B1300D8B153 /* Build configuration list for PBXNativeTarget "SportEventsUITests" */;
			buildPhases = (
				C575CBDB25D36B1300D8B153 /* Sources */,
				C575CBDC25D36B1300D8B153 /* Frameworks */,
				C575CBDD25D36B1300D8B153 /* Resources */,
			);
			buildRules = (
			);
			dependencies = (
				C575CBE525D36B1300D8B153 /* PBXTargetDependency */,
			);
			name = SportEventsUITests;
			productName = SportEventsUITests;
			productReference = C575CBDF25D36B1300D8B153 /* SportEventsUITests.xctest */;
			productType = "com.apple.product-type.bundle.ui-testing";
		};
/* End PBXNativeTarget section */

/* Begin PBXProject section */
		C575CBAA25D36A3500D8B153 /* Project object */ = {
			isa = PBXProject;
			attributes = {
				LastSwiftUpdateCheck = 1230;
				LastUpgradeCheck = 1230;
				TargetAttributes = {
					C575CBB125D36A3500D8B153 = {
						CreatedOnToolsVersion = 12.3;
					};
					C575CBCE25D36B0100D8B153 = {
						CreatedOnToolsVersion = 12.3;
						TestTargetID = C575CBB125D36A3500D8B153;
					};
					C575CBDE25D36B1300D8B153 = {
						CreatedOnToolsVersion = 12.3;
						TestTargetID = C575CBB125D36A3500D8B153;
					};
				};
			};
			buildConfigurationList = C575CBAD25D36A3500D8B153 /* Build configuration list for PBXProject "SportEvents" */;
			compatibilityVersion = "Xcode 9.3";
			developmentRegion = en;
			hasScannedForEncodings = 0;
			knownRegions = (
				en,
				Base,
			);
			mainGroup = C575CBA925D36A3500D8B153;
			productRefGroup = C575CBB325D36A3500D8B153 /* Products */;
			projectDirPath = "";
			projectRoot = "";
			targets = (
				C575CBB125D36A3500D8B153 /* SportEvents */,
				C575CBCE25D36B0100D8B153 /* SportEventsTests */,
				C575CBDE25D36B1300D8B153 /* SportEventsUITests */,
			);
		};
/* End PBXProject section */

/* Begin PBXResourcesBuildPhase section */
		C575CBB025D36A3500D8B153 /* Resources */ = {
			isa = PBXResourcesBuildPhase;
			buildActionMask = 2147483647;
			files = (
				C575CBC225D36A3900D8B153 /* LaunchScreen.storyboard in Resources */,
				C575CBBF25D36A3900D8B153 /* Assets.xcassets in Resources */,
				C575CBBD25D36A3500D8B153 /* Main.storyboard in Resources */,
			);
			runOnlyForDeploymentPostprocessing = 0;
		};
		C575CBCD25D36B0100D8B153 /* Resources */ = {
			isa = PBXResourcesBuildPhase;
			buildActionMask = 2147483647;
			files = (
			);
			runOnlyForDeploymentPostprocessing = 0;
		};
		C575CBDD25D36B1300D8B153 /* Resources */ = {
			isa = PBXResourcesBuildPhase;
			buildActionMask = 2147483647;
			files = (
			);
			runOnlyForDeploymentPostprocessing = 0;
		};
/* End PBXResourcesBuildPhase section */

/* Begin PBXSourcesBuildPhase section */
		C575CBAE25D36A3500D8B153 /* Sources */ = {
			isa = PBXSourcesBuildPhase;
			buildActionMask = 2147483647;
			files = (
				C575CC1325D371DC00D8B153 /* EventsDetailViewController.swift in Sources */,
				C575CC1825D3733700D8B153 /* ContentCell.swift in Sources */,
				C575CC1D25D3900800D8B153 /* Endpoint+Key+HTTPMethod.swift in Sources */,
				C575CBB625D36A3500D8B153 /* AppDelegate.swift in Sources */,
				C575CBFF25D36CF100D8B153 /* Event.swift in Sources */,
				C575CC0425D36D0200D8B153 /* EventController.swift in Sources */,
				C575CC3225D397B200D8B153 /* Cache.swift in Sources */,
				C575CBB825D36A3500D8B153 /* SceneDelegate.swift in Sources */,
				C5D1483D25D4AC5100F4D5C2 /* FavoriteEventsController.swift in Sources */,
				C575CC0925D36D1E00D8B153 /* EventsViewController.swift in Sources */,
				C575CC2A25D396D000D8B153 /* DataLoader.swift in Sources */,
				C5D1482825D4806200F4D5C2 /* CollectionViewCellFlow.swift in Sources */,
				C5D1481725D4426F00F4D5C2 /* EventsTableViewCell.swift in Sources */,
			);
			runOnlyForDeploymentPostprocessing = 0;
		};
		C575CBCB25D36B0100D8B153 /* Sources */ = {
			isa = PBXSourcesBuildPhase;
			buildActionMask = 2147483647;
			files = (
				C575CBD225D36B0100D8B153 /* SportEventsTests.swift in Sources */,
			);
			runOnlyForDeploymentPostprocessing = 0;
		};
		C575CBDB25D36B1300D8B153 /* Sources */ = {
			isa = PBXSourcesBuildPhase;
			buildActionMask = 2147483647;
			files = (
				C575CBE225D36B1300D8B153 /* SportEventsUITests.swift in Sources */,
			);
			runOnlyForDeploymentPostprocessing = 0;
		};
/* End PBXSourcesBuildPhase section */

/* Begin PBXTargetDependency section */
		C575CBD525D36B0100D8B153 /* PBXTargetDependency */ = {
			isa = PBXTargetDependency;
			target = C575CBB125D36A3500D8B153 /* SportEvents */;
			targetProxy = C575CBD425D36B0100D8B153 /* PBXContainerItemProxy */;
		};
		C575CBE525D36B1300D8B153 /* PBXTargetDependency */ = {
			isa = PBXTargetDependency;
			target = C575CBB125D36A3500D8B153 /* SportEvents */;
			targetProxy = C575CBE425D36B1300D8B153 /* PBXContainerItemProxy */;
		};
/* End PBXTargetDependency section */

/* Begin PBXVariantGroup section */
		C575CBBB25D36A3500D8B153 /* Main.storyboard */ = {
			isa = PBXVariantGroup;
			children = (
				C575CBBC25D36A3500D8B153 /* Base */,
			);
			name = Main.storyboard;
			sourceTree = "<group>";
		};
		C575CBC025D36A3900D8B153 /* LaunchScreen.storyboard */ = {
			isa = PBXVariantGroup;
			children = (
				C575CBC125D36A3900D8B153 /* Base */,
			);
			name = LaunchScreen.storyboard;
			sourceTree = "<group>";
		};
/* End PBXVariantGroup section */

/* Begin XCBuildConfiguration section */
		C575CBC425D36A3900D8B153 /* Debug */ = {
			isa = XCBuildConfiguration;
			buildSettings = {
				ALWAYS_SEARCH_USER_PATHS = NO;
				CLANG_ANALYZER_NONNULL = YES;
				CLANG_ANALYZER_NUMBER_OBJECT_CONVERSION = YES_AGGRESSIVE;
				CLANG_CXX_LANGUAGE_STANDARD = "gnu++14";
				CLANG_CXX_LIBRARY = "libc++";
				CLANG_ENABLE_MODULES = YES;
				CLANG_ENABLE_OBJC_ARC = YES;
				CLANG_ENABLE_OBJC_WEAK = YES;
				CLANG_WARN_BLOCK_CAPTURE_AUTORELEASING = YES;
				CLANG_WARN_BOOL_CONVERSION = YES;
				CLANG_WARN_COMMA = YES;
				CLANG_WARN_CONSTANT_CONVERSION = YES;
				CLANG_WARN_DEPRECATED_OBJC_IMPLEMENTATIONS = YES;
				CLANG_WARN_DIRECT_OBJC_ISA_USAGE = YES_ERROR;
				CLANG_WARN_DOCUMENTATION_COMMENTS = YES;
				CLANG_WARN_EMPTY_BODY = YES;
				CLANG_WARN_ENUM_CONVERSION = YES;
				CLANG_WARN_INFINITE_RECURSION = YES;
				CLANG_WARN_INT_CONVERSION = YES;
				CLANG_WARN_NON_LITERAL_NULL_CONVERSION = YES;
				CLANG_WARN_OBJC_IMPLICIT_RETAIN_SELF = YES;
				CLANG_WARN_OBJC_LITERAL_CONVERSION = YES;
				CLANG_WARN_OBJC_ROOT_CLASS = YES_ERROR;
				CLANG_WARN_QUOTED_INCLUDE_IN_FRAMEWORK_HEADER = YES;
				CLANG_WARN_RANGE_LOOP_ANALYSIS = YES;
				CLANG_WARN_STRICT_PROTOTYPES = YES;
				CLANG_WARN_SUSPICIOUS_MOVE = YES;
				CLANG_WARN_UNGUARDED_AVAILABILITY = YES_AGGRESSIVE;
				CLANG_WARN_UNREACHABLE_CODE = YES;
				CLANG_WARN__DUPLICATE_METHOD_MATCH = YES;
				COPY_PHASE_STRIP = NO;
				DEBUG_INFORMATION_FORMAT = dwarf;
				ENABLE_STRICT_OBJC_MSGSEND = YES;
				ENABLE_TESTABILITY = YES;
				GCC_C_LANGUAGE_STANDARD = gnu11;
				GCC_DYNAMIC_NO_PIC = NO;
				GCC_NO_COMMON_BLOCKS = YES;
				GCC_OPTIMIZATION_LEVEL = 0;
				GCC_PREPROCESSOR_DEFINITIONS = (
					"DEBUG=1",
					"$(inherited)",
				);
				GCC_WARN_64_TO_32_BIT_CONVERSION = YES;
				GCC_WARN_ABOUT_RETURN_TYPE = YES_ERROR;
				GCC_WARN_UNDECLARED_SELECTOR = YES;
				GCC_WARN_UNINITIALIZED_AUTOS = YES_AGGRESSIVE;
				GCC_WARN_UNUSED_FUNCTION = YES;
				GCC_WARN_UNUSED_VARIABLE = YES;
				IPHONEOS_DEPLOYMENT_TARGET = 14.3;
				MTL_ENABLE_DEBUG_INFO = INCLUDE_SOURCE;
				MTL_FAST_MATH = YES;
				ONLY_ACTIVE_ARCH = YES;
				SDKROOT = iphoneos;
				SWIFT_ACTIVE_COMPILATION_CONDITIONS = DEBUG;
				SWIFT_OPTIMIZATION_LEVEL = "-Onone";
			};
			name = Debug;
		};
		C575CBC525D36A3900D8B153 /* Release */ = {
			isa = XCBuildConfiguration;
			buildSettings = {
				ALWAYS_SEARCH_USER_PATHS = NO;
				CLANG_ANALYZER_NONNULL = YES;
				CLANG_ANALYZER_NUMBER_OBJECT_CONVERSION = YES_AGGRESSIVE;
				CLANG_CXX_LANGUAGE_STANDARD = "gnu++14";
				CLANG_CXX_LIBRARY = "libc++";
				CLANG_ENABLE_MODULES = YES;
				CLANG_ENABLE_OBJC_ARC = YES;
				CLANG_ENABLE_OBJC_WEAK = YES;
				CLANG_WARN_BLOCK_CAPTURE_AUTORELEASING = YES;
				CLANG_WARN_BOOL_CONVERSION = YES;
				CLANG_WARN_COMMA = YES;
				CLANG_WARN_CONSTANT_CONVERSION = YES;
				CLANG_WARN_DEPRECATED_OBJC_IMPLEMENTATIONS = YES;
				CLANG_WARN_DIRECT_OBJC_ISA_USAGE = YES_ERROR;
				CLANG_WARN_DOCUMENTATION_COMMENTS = YES;
				CLANG_WARN_EMPTY_BODY = YES;
				CLANG_WARN_ENUM_CONVERSION = YES;
				CLANG_WARN_INFINITE_RECURSION = YES;
				CLANG_WARN_INT_CONVERSION = YES;
				CLANG_WARN_NON_LITERAL_NULL_CONVERSION = YES;
				CLANG_WARN_OBJC_IMPLICIT_RETAIN_SELF = YES;
				CLANG_WARN_OBJC_LITERAL_CONVERSION = YES;
				CLANG_WARN_OBJC_ROOT_CLASS = YES_ERROR;
				CLANG_WARN_QUOTED_INCLUDE_IN_FRAMEWORK_HEADER = YES;
				CLANG_WARN_RANGE_LOOP_ANALYSIS = YES;
				CLANG_WARN_STRICT_PROTOTYPES = YES;
				CLANG_WARN_SUSPICIOUS_MOVE = YES;
				CLANG_WARN_UNGUARDED_AVAILABILITY = YES_AGGRESSIVE;
				CLANG_WARN_UNREACHABLE_CODE = YES;
				CLANG_WARN__DUPLICATE_METHOD_MATCH = YES;
				COPY_PHASE_STRIP = NO;
				DEBUG_INFORMATION_FORMAT = "dwarf-with-dsym";
				ENABLE_NS_ASSERTIONS = NO;
				ENABLE_STRICT_OBJC_MSGSEND = YES;
				GCC_C_LANGUAGE_STANDARD = gnu11;
				GCC_NO_COMMON_BLOCKS = YES;
				GCC_WARN_64_TO_32_BIT_CONVERSION = YES;
				GCC_WARN_ABOUT_RETURN_TYPE = YES_ERROR;
				GCC_WARN_UNDECLARED_SELECTOR = YES;
				GCC_WARN_UNINITIALIZED_AUTOS = YES_AGGRESSIVE;
				GCC_WARN_UNUSED_FUNCTION = YES;
				GCC_WARN_UNUSED_VARIABLE = YES;
				IPHONEOS_DEPLOYMENT_TARGET = 14.3;
				MTL_ENABLE_DEBUG_INFO = NO;
				MTL_FAST_MATH = YES;
				SDKROOT = iphoneos;
				SWIFT_COMPILATION_MODE = wholemodule;
				SWIFT_OPTIMIZATION_LEVEL = "-O";
				VALIDATE_PRODUCT = YES;
			};
			name = Release;
		};
		C575CBC725D36A3900D8B153 /* Debug */ = {
			isa = XCBuildConfiguration;
			buildSettings = {
				ASSETCATALOG_COMPILER_APPICON_NAME = AppIcon;
				ASSETCATALOG_COMPILER_GLOBAL_ACCENT_COLOR_NAME = AccentColor;
				CODE_SIGN_STYLE = Automatic;
				DEVELOPMENT_TEAM = MFBD923VWU;
				INFOPLIST_FILE = SportEvents/Resources/Info.plist;
				LD_RUNPATH_SEARCH_PATHS = (
					"$(inherited)",
					"@executable_path/Frameworks",
				);
				PRODUCT_BUNDLE_IDENTIFIER = Bharat.SportEvents;
				PRODUCT_NAME = "$(TARGET_NAME)";
				SWIFT_VERSION = 5.0;
				TARGETED_DEVICE_FAMILY = "1,2";
			};
			name = Debug;
		};
		C575CBC825D36A3900D8B153 /* Release */ = {
			isa = XCBuildConfiguration;
			buildSettings = {
				ASSETCATALOG_COMPILER_APPICON_NAME = AppIcon;
				ASSETCATALOG_COMPILER_GLOBAL_ACCENT_COLOR_NAME = AccentColor;
				CODE_SIGN_STYLE = Automatic;
				DEVELOPMENT_TEAM = MFBD923VWU;
				INFOPLIST_FILE = SportEvents/Resources/Info.plist;
				LD_RUNPATH_SEARCH_PATHS = (
					"$(inherited)",
					"@executable_path/Frameworks",
				);
				PRODUCT_BUNDLE_IDENTIFIER = Bharat.SportEvents;
				PRODUCT_NAME = "$(TARGET_NAME)";
				SWIFT_VERSION = 5.0;
				TARGETED_DEVICE_FAMILY = "1,2";
			};
			name = Release;
		};
		C575CBD625D36B0100D8B153 /* Debug */ = {
			isa = XCBuildConfiguration;
			buildSettings = {
				BUNDLE_LOADER = "$(TEST_HOST)";
				CODE_SIGN_STYLE = Automatic;
				DEVELOPMENT_TEAM = MFBD923VWU;
				INFOPLIST_FILE = SportEventsTests/Info.plist;
				LD_RUNPATH_SEARCH_PATHS = (
					"$(inherited)",
					"@executable_path/Frameworks",
					"@loader_path/Frameworks",
				);
				PRODUCT_BUNDLE_IDENTIFIER = Bharat.SportEventsTests;
				PRODUCT_NAME = "$(TARGET_NAME)";
				SWIFT_VERSION = 5.0;
				TARGETED_DEVICE_FAMILY = "1,2";
				TEST_HOST = "$(BUILT_PRODUCTS_DIR)/SportEvents.app/SportEvents";
			};
			name = Debug;
		};
		C575CBD725D36B0100D8B153 /* Release */ = {
			isa = XCBuildConfiguration;
			buildSettings = {
				BUNDLE_LOADER = "$(TEST_HOST)";
				CODE_SIGN_STYLE = Automatic;
				DEVELOPMENT_TEAM = MFBD923VWU;
				INFOPLIST_FILE = SportEventsTests/Info.plist;
				LD_RUNPATH_SEARCH_PATHS = (
					"$(inherited)",
					"@executable_path/Frameworks",
					"@loader_path/Frameworks",
				);
				PRODUCT_BUNDLE_IDENTIFIER = Bharat.SportEventsTests;
				PRODUCT_NAME = "$(TARGET_NAME)";
				SWIFT_VERSION = 5.0;
				TARGETED_DEVICE_FAMILY = "1,2";
				TEST_HOST = "$(BUILT_PRODUCTS_DIR)/SportEvents.app/SportEvents";
			};
			name = Release;
		};
		C575CBE725D36B1300D8B153 /* Debug */ = {
			isa = XCBuildConfiguration;
			buildSettings = {
				CODE_SIGN_STYLE = Automatic;
				DEVELOPMENT_TEAM = MFBD923VWU;
				INFOPLIST_FILE = SportEventsUITests/Info.plist;
				LD_RUNPATH_SEARCH_PATHS = (
					"$(inherited)",
					"@executable_path/Frameworks",
					"@loader_path/Frameworks",
				);
				PRODUCT_BUNDLE_IDENTIFIER = Bharat.SportEventsUITests;
				PRODUCT_NAME = "$(TARGET_NAME)";
				SWIFT_VERSION = 5.0;
				TARGETED_DEVICE_FAMILY = "1,2";
				TEST_TARGET_NAME = SportEvents;
			};
			name = Debug;
		};
		C575CBE825D36B1300D8B153 /* Release */ = {
			isa = XCBuildConfiguration;
			buildSettings = {
				CODE_SIGN_STYLE = Automatic;
				DEVELOPMENT_TEAM = MFBD923VWU;
				INFOPLIST_FILE = SportEventsUITests/Info.plist;
				LD_RUNPATH_SEARCH_PATHS = (
					"$(inherited)",
					"@executable_path/Frameworks",
					"@loader_path/Frameworks",
				);
				PRODUCT_BUNDLE_IDENTIFIER = Bharat.SportEventsUITests;
				PRODUCT_NAME = "$(TARGET_NAME)";
				SWIFT_VERSION = 5.0;
				TARGETED_DEVICE_FAMILY = "1,2";
				TEST_TARGET_NAME = SportEvents;
			};
			name = Release;
		};
/* End XCBuildConfiguration section */

/* Begin XCConfigurationList section */
		C575CBAD25D36A3500D8B153 /* Build configuration list for PBXProject "SportEvents" */ = {
			isa = XCConfigurationList;
			buildConfigurations = (
				C575CBC425D36A3900D8B153 /* Debug */,
				C575CBC525D36A3900D8B153 /* Release */,
			);
			defaultConfigurationIsVisible = 0;
			defaultConfigurationName = Release;
		};
		C575CBC625D36A3900D8B153 /* Build configuration list for PBXNativeTarget "SportEvents" */ = {
			isa = XCConfigurationList;
			buildConfigurations = (
				C575CBC725D36A3900D8B153 /* Debug */,
				C575CBC825D36A3900D8B153 /* Release */,
			);
			defaultConfigurationIsVisible = 0;
			defaultConfigurationName = Release;
		};
		C575CBD825D36B0100D8B153 /* Build configuration list for PBXNativeTarget "SportEventsTests" */ = {
			isa = XCConfigurationList;
			buildConfigurations = (
				C575CBD625D36B0100D8B153 /* Debug */,
				C575CBD725D36B0100D8B153 /* Release */,
			);
			defaultConfigurationIsVisible = 0;
			defaultConfigurationName = Release;
		};
		C575CBE625D36B1300D8B153 /* Build configuration list for PBXNativeTarget "SportEventsUITests" */ = {
			isa = XCConfigurationList;
			buildConfigurations = (
				C575CBE725D36B1300D8B153 /* Debug */,
				C575CBE825D36B1300D8B153 /* Release */,
			);
			defaultConfigurationIsVisible = 0;
			defaultConfigurationName = Release;
		};
/* End XCConfigurationList section */
	};
	rootObject = C575CBAA25D36A3500D8B153 /* Project object */;
}
